
Microsoft Visual Studio Solution File, Format Version 12.00
# Visual Studio Version 17
VisualStudioVersion = 17.11.35312.102
MinimumVisualStudioVersion = 10.0.40219.1
Project("{FAE04EC0-301F-11D3-BF4B-00C04F79EFBC}") = "Damean_Andrei-Stefan_Lab2", "Damean_Andrei-Stefan_Lab2.csproj", "{0DA83E46-E57B-49EE-9245-9B62E95D45D6}"
EndProject
Global
	GlobalSection(SolutionConfigurationPlatforms) = preSolution
		Debug|Any CPU = Debug|Any CPU
		Release|Any CPU = Release|Any CPU
	EndGlobalSection
	GlobalSection(ProjectConfigurationPlatforms) = postSolution
		{0DA83E46-E57B-49EE-9245-9B62E95D45D6}.Debug|Any CPU.ActiveCfg = Debug|Any CPU
		{0DA83E46-E57B-49EE-9245-9B62E95D45D6}.Debug|Any CPU.Build.0 = Debug|Any CPU
		{0DA83E46-E57B-49EE-9245-9B62E95D45D6}.Release|Any CPU.ActiveCfg = Release|Any CPU
		{0DA83E46-E57B-49EE-9245-9B62E95D45D6}.Release|Any CPU.Build.0 = Release|Any CPU
	EndGlobalSection
	GlobalSection(SolutionProperties) = preSolution
		HideSolutionNode = FALSE
	EndGlobalSection
	GlobalSection(ExtensibilityGlobals) = postSolution
		SolutionGuid = {8F35B4B0-7994-4F1C-AD19-A2E937687093}
	EndGlobalSection
EndGlobal
